
Microsoft Visual Studio Solution File, Format Version 12.00
# Visual Studio 15
VisualStudioVersion = 15.0.27703.2018
MinimumVisualStudioVersion = 10.0.40219.1
Project("{FAE04EC0-301F-11D3-BF4B-00C04F79EFBC}") = "Naval_servidor", "Naval_servidor.csproj", "{9DA376FC-6E4C-41BF-AA87-DDF5F0A5A42C}"
EndProject
Global
	GlobalSection(SolutionConfigurationPlatforms) = preSolution
		Debug|Any CPU = Debug|Any CPU
		Release|Any CPU = Release|Any CPU
	EndGlobalSection
	GlobalSection(ProjectConfigurationPlatforms) = postSolution
		{9DA376FC-6E4C-41BF-AA87-DDF5F0A5A42C}.Debug|Any CPU.ActiveCfg = Debug|Any CPU
		{9DA376FC-6E4C-41BF-AA87-DDF5F0A5A42C}.Debug|Any CPU.Build.0 = Debug|Any CPU
		{9DA376FC-6E4C-41BF-AA87-DDF5F0A5A42C}.Release|Any CPU.ActiveCfg = Release|Any CPU
		{9DA376FC-6E4C-41BF-AA87-DDF5F0A5A42C}.Release|Any CPU.Build.0 = Release|Any CPU
	EndGlobalSection
	GlobalSection(SolutionProperties) = preSolution
		HideSolutionNode = FALSE
	EndGlobalSection
	GlobalSection(ExtensibilityGlobals) = postSolution
		SolutionGuid = {29D2850A-70D3-4267-8E8C-FEC382CC7EE1}
	EndGlobalSection
EndGlobal
